
Microsoft Visual Studio Solution File, Format Version 12.00
# Visual Studio Version 17
VisualStudioVersion = 17.14.36310.24 d17.14
MinimumVisualStudioVersion = 10.0.40219.1
Project("{FAE04EC0-301F-11D3-BF4B-00C04F79EFBC}") = "ConsoleApplab", "ConsoleApplab\ConsoleApplab.csproj", "{7B0DC2C1-325A-43B7-8546-B8BC630BBEE9}"
EndProject
Global
	GlobalSection(SolutionConfigurationPlatforms) = preSolution
		Debug|Any CPU = Debug|Any CPU
		Release|Any CPU = Release|Any CPU
	EndGlobalSection
	GlobalSection(ProjectConfigurationPlatforms) = postSolution
		{7B0DC2C1-325A-43B7-8546-B8BC630BBEE9}.Debug|Any CPU.ActiveCfg = Debug|Any CPU
		{7B0DC2C1-325A-43B7-8546-B8BC630BBEE9}.Debug|Any CPU.Build.0 = Debug|Any CPU
		{7B0DC2C1-325A-43B7-8546-B8BC630BBEE9}.Release|Any CPU.ActiveCfg = Release|Any CPU
		{7B0DC2C1-325A-43B7-8546-B8BC630BBEE9}.Release|Any CPU.Build.0 = Release|Any CPU
	EndGlobalSection
	GlobalSection(SolutionProperties) = preSolution
		HideSolutionNode = FALSE
	EndGlobalSection
	GlobalSection(ExtensibilityGlobals) = postSolution
		SolutionGuid = {ABB14E72-CF8A-4244-BA33-33E72AC4792A}
	EndGlobalSection
EndGlobal
